
Microsoft Visual Studio Solution File, Format Version 12.00
# Visual Studio Version 16
VisualStudioVersion = 16.0.31402.337
MinimumVisualStudioVersion = 10.0.40219.1
Project("{FAE04EC0-301F-11D3-BF4B-00C04F79EFBC}") = "StudentManagement", "StudentManagement\StudentManagement.csproj", "{2B540B26-5183-4991-A78C-B5159C002CD4}"
EndProject
Global
	GlobalSection(SolutionConfigurationPlatforms) = preSolution
		Debug|Any CPU = Debug|Any CPU
		Release|Any CPU = Release|Any CPU
	EndGlobalSection
	GlobalSection(ProjectConfigurationPlatforms) = postSolution
		{2B540B26-5183-4991-A78C-B5159C002CD4}.Debug|Any CPU.ActiveCfg = Debug|Any CPU
		{2B540B26-5183-4991-A78C-B5159C002CD4}.Debug|Any CPU.Build.0 = Debug|Any CPU
		{2B540B26-5183-4991-A78C-B5159C002CD4}.Release|Any CPU.ActiveCfg = Release|Any CPU
		{2B540B26-5183-4991-A78C-B5159C002CD4}.Release|Any CPU.Build.0 = Release|Any CPU
	EndGlobalSection
	GlobalSection(SolutionProperties) = preSolution
		HideSolutionNode = FALSE
	EndGlobalSection
	GlobalSection(ExtensibilityGlobals) = postSolution
		SolutionGuid = {18436A41-1CD1-4C13-987D-5B0562BC7761}
	EndGlobalSection
EndGlobal
